// !$*UTF8*$!
{
	archiveVersion = 1;
	classes = {
	};
	objectVersion = 56;
	objects = {

/* Begin PBXBuildFile section */
		D52677562A21939E0042E3EB /* RouletteFeature in Frameworks */ = {isa = PBXBuildFile; productRef = D52677552A21939E0042E3EB /* RouletteFeature */; };
		D542253C2A2186ED000A71A9 /* RouletteAnalysisApp.swift in Sources */ = {isa = PBXBuildFile; fileRef = D542253B2A2186ED000A71A9 /* RouletteAnalysisApp.swift */; };
		D54225402A2186EF000A71A9 /* Assets.xcassets in Resources */ = {isa = PBXBuildFile; fileRef = D542253F2A2186EF000A71A9 /* Assets.xcassets */; };
		D54225432A2186EF000A71A9 /* Preview Assets.xcassets in Resources */ = {isa = PBXBuildFile; fileRef = D54225422A2186EF000A71A9 /* Preview Assets.xcassets */; };
		D5A061AD2A2D21320025909B /* ProductionInfo.plist in Resources */ = {isa = PBXBuildFile; fileRef = D5A061AC2A2D21320025909B /* ProductionInfo.plist */; };
/* End PBXBuildFile section */

/* Begin PBXFileReference section */
		D54225382A2186ED000A71A9 /* RouletteAnalysis.app */ = {isa = PBXFileReference; explicitFileType = wrapper.application; includeInIndex = 0; path = RouletteAnalysis.app; sourceTree = BUILT_PRODUCTS_DIR; };
		D542253B2A2186ED000A71A9 /* RouletteAnalysisApp.swift */ = {isa = PBXFileReference; lastKnownFileType = sourcecode.swift; path = RouletteAnalysisApp.swift; sourceTree = "<group>"; };
		D542253F2A2186EF000A71A9 /* Assets.xcassets */ = {isa = PBXFileReference; lastKnownFileType = folder.assetcatalog; path = Assets.xcassets; sourceTree = "<group>"; };
		D54225422A2186EF000A71A9 /* Preview Assets.xcassets */ = {isa = PBXFileReference; lastKnownFileType = folder.assetcatalog; path = "Preview Assets.xcassets"; sourceTree = "<group>"; };
		D5A061AB2A2C153B0025909B /* Info.plist */ = {isa = PBXFileReference; lastKnownFileType = text.plist.xml; path = Info.plist; sourceTree = "<group>"; };
		D5A061AC2A2D21320025909B /* ProductionInfo.plist */ = {isa = PBXFileReference; lastKnownFileType = text.plist.xml; name = ProductionInfo.plist; path = ProductionAssets/ProductionInfo.plist; sourceTree = "<group>"; };
		D5A061AE2A2E60670025909B /* RouletteAnalysis.entitlements */ = {isa = PBXFileReference; lastKnownFileType = text.plist.entitlements; path = RouletteAnalysis.entitlements; sourceTree = "<group>"; };
/* End PBXFileReference section */

/* Begin PBXFrameworksBuildPhase section */
		D54225352A2186ED000A71A9 /* Frameworks */ = {
			isa = PBXFrameworksBuildPhase;
			buildActionMask = 2147483647;
			files = (
				D52677562A21939E0042E3EB /* RouletteFeature in Frameworks */,
			);
			runOnlyForDeploymentPostprocessing = 0;
		};
/* End PBXFrameworksBuildPhase section */

/* Begin PBXGroup section */
		D542252F2A2186ED000A71A9 = {
			isa = PBXGroup;
			children = (
				D5A061AC2A2D21320025909B /* ProductionInfo.plist */,
				D542253A2A2186ED000A71A9 /* RouletteAnalysis */,
				D54225392A2186ED000A71A9 /* Products */,
				D54225492A218DE4000A71A9 /* Frameworks */,
			);
			sourceTree = "<group>";
		};
		D54225392A2186ED000A71A9 /* Products */ = {
			isa = PBXGroup;
			children = (
				D54225382A2186ED000A71A9 /* RouletteAnalysis.app */,
			);
			name = Products;
			sourceTree = "<group>";
		};
		D542253A2A2186ED000A71A9 /* RouletteAnalysis */ = {
			isa = PBXGroup;
			children = (
				D5A061AE2A2E60670025909B /* RouletteAnalysis.entitlements */,
				D5A061AB2A2C153B0025909B /* Info.plist */,
				D542253B2A2186ED000A71A9 /* RouletteAnalysisApp.swift */,
				D542253F2A2186EF000A71A9 /* Assets.xcassets */,
				D54225412A2186EF000A71A9 /* Preview Content */,
			);
			path = RouletteAnalysis;
			sourceTree = "<group>";
		};
		D54225412A2186EF000A71A9 /* Preview Content */ = {
			isa = PBXGroup;
			children = (
				D54225422A2186EF000A71A9 /* Preview Assets.xcassets */,
			);
			path = "Preview Content";
			sourceTree = "<group>";
		};
		D54225492A218DE4000A71A9 /* Frameworks */ = {
			isa = PBXGroup;
			children = (
			);
			name = Frameworks;
			sourceTree = "<group>";
		};
/* End PBXGroup section */

/* Begin PBXNativeTarget section */
		D54225372A2186ED000A71A9 /* RouletteAnalysis */ = {
			isa = PBXNativeTarget;
			buildConfigurationList = D54225462A2186EF000A71A9 /* Build configuration list for PBXNativeTarget "RouletteAnalysis" */;
			buildPhases = (
				D54225342A2186ED000A71A9 /* Sources */,
				D54225352A2186ED000A71A9 /* Frameworks */,
				D54225362A2186ED000A71A9 /* Resources */,
			);
			buildRules = (
			);
			dependencies = (
			);
			name = RouletteAnalysis;
			packageProductDependencies = (
				D52677552A21939E0042E3EB /* RouletteFeature */,
			);
			productName = RouletteAnalysis;
			productReference = D54225382A2186ED000A71A9 /* RouletteAnalysis.app */;
			productType = "com.apple.product-type.application";
		};
/* End PBXNativeTarget section */

/* Begin PBXProject section */
		D54225302A2186ED000A71A9 /* Project object */ = {
			isa = PBXProject;
			attributes = {
				BuildIndependentTargetsInParallel = YES;
				LastSwiftUpdateCheck = 1420;
				LastUpgradeCheck = 1420;
				TargetAttributes = {
					D54225372A2186ED000A71A9 = {
						CreatedOnToolsVersion = 14.2;
					};
				};
			};
			buildConfigurationList = D54225332A2186ED000A71A9 /* Build configuration list for PBXProject "Production" */;
			compatibilityVersion = "Xcode 14.0";
			developmentRegion = en;
			hasScannedForEncodings = 0;
			knownRegions = (
				en,
				Base,
			);
			mainGroup = D542252F2A2186ED000A71A9;
			productRefGroup = D54225392A2186ED000A71A9 /* Products */;
			projectDirPath = "";
			projectRoot = "";
			targets = (
				D54225372A2186ED000A71A9 /* RouletteAnalysis */,
			);
		};
/* End PBXProject section */

/* Begin PBXResourcesBuildPhase section */
		D54225362A2186ED000A71A9 /* Resources */ = {
			isa = PBXResourcesBuildPhase;
			buildActionMask = 2147483647;
			files = (
				D5A061AD2A2D21320025909B /* ProductionInfo.plist in Resources */,
				D54225432A2186EF000A71A9 /* Preview Assets.xcassets in Resources */,
				D54225402A2186EF000A71A9 /* Assets.xcassets in Resources */,
			);
			runOnlyForDeploymentPostprocessing = 0;
		};
/* End PBXResourcesBuildPhase section */

/* Begin PBXSourcesBuildPhase section */
		D54225342A2186ED000A71A9 /* Sources */ = {
			isa = PBXSourcesBuildPhase;
			buildActionMask = 2147483647;
			files = (
				D542253C2A2186ED000A71A9 /* RouletteAnalysisApp.swift in Sources */,
			);
			runOnlyForDeploymentPostprocessing = 0;
		};
/* End PBXSourcesBuildPhase section */

/* Begin XCBuildConfiguration section */
		D54225452A2186EF000A71A9 /* Release */ = {
			isa = XCBuildConfiguration;
			buildSettings = {
				ALWAYS_SEARCH_USER_PATHS = NO;
				CLANG_ANALYZER_NONNULL = YES;
				CLANG_ANALYZER_NUMBER_OBJECT_CONVERSION = YES_AGGRESSIVE;
				CLANG_CXX_LANGUAGE_STANDARD = "gnu++20";
				CLANG_ENABLE_MODULES = YES;
				CLANG_ENABLE_OBJC_ARC = YES;
				CLANG_ENABLE_OBJC_WEAK = YES;
				CLANG_WARN_BLOCK_CAPTURE_AUTORELEASING = YES;
				CLANG_WARN_BOOL_CONVERSION = YES;
				CLANG_WARN_COMMA = YES;
				CLANG_WARN_CONSTANT_CONVERSION = YES;
				CLANG_WARN_DEPRECATED_OBJC_IMPLEMENTATIONS = YES;
				CLANG_WARN_DIRECT_OBJC_ISA_USAGE = YES_ERROR;
				CLANG_WARN_DOCUMENTATION_COMMENTS = YES;
				CLANG_WARN_EMPTY_BODY = YES;
				CLANG_WARN_ENUM_CONVERSION = YES;
				CLANG_WARN_INFINITE_RECURSION = YES;
				CLANG_WARN_INT_CONVERSION = YES;
				CLANG_WARN_NON_LITERAL_NULL_CONVERSION = YES;
				CLANG_WARN_OBJC_IMPLICIT_RETAIN_SELF = YES;
				CLANG_WARN_OBJC_LITERAL_CONVERSION = YES;
				CLANG_WARN_OBJC_ROOT_CLASS = YES_ERROR;
				CLANG_WARN_QUOTED_INCLUDE_IN_FRAMEWORK_HEADER = YES;
				CLANG_WARN_RANGE_LOOP_ANALYSIS = YES;
				CLANG_WARN_STRICT_PROTOTYPES = YES;
				CLANG_WARN_SUSPICIOUS_MOVE = YES;
				CLANG_WARN_UNGUARDED_AVAILABILITY = YES_AGGRESSIVE;
				CLANG_WARN_UNREACHABLE_CODE = YES;
				CLANG_WARN__DUPLICATE_METHOD_MATCH = YES;
				COPY_PHASE_STRIP = NO;
				DEBUG_INFORMATION_FORMAT = "dwarf-with-dsym";
				ENABLE_NS_ASSERTIONS = NO;
				ENABLE_STRICT_OBJC_MSGSEND = YES;
				GCC_C_LANGUAGE_STANDARD = gnu11;
				GCC_NO_COMMON_BLOCKS = YES;
				GCC_WARN_64_TO_32_BIT_CONVERSION = YES;
				GCC_WARN_ABOUT_RETURN_TYPE = YES_ERROR;
				GCC_WARN_UNDECLARED_SELECTOR = YES;
				GCC_WARN_UNINITIALIZED_AUTOS = YES_AGGRESSIVE;
				GCC_WARN_UNUSED_FUNCTION = YES;
				GCC_WARN_UNUSED_VARIABLE = YES;
				IPHONEOS_DEPLOYMENT_TARGET = 16.2;
				MACOSX_DEPLOYMENT_TARGET = 13.0;
				MTL_ENABLE_DEBUG_INFO = NO;
				MTL_FAST_MATH = YES;
				SDKROOT = iphoneos;
				SWIFT_COMPILATION_MODE = wholemodule;
				SWIFT_OPTIMIZATION_LEVEL = "-O";
				VALIDATE_PRODUCT = YES;
			};
			name = Release;
		};
		D54225482A2186EF000A71A9 /* Release */ = {
			isa = XCBuildConfiguration;
			buildSettings = {
				ASSETCATALOG_COMPILER_APPICON_NAME = AppIcon;
				ASSETCATALOG_COMPILER_GLOBAL_ACCENT_COLOR_NAME = AccentColor;
				CODE_SIGN_ENTITLEMENTS = RouletteAnalysis/RouletteAnalysis.entitlements;
				CODE_SIGN_STYLE = Automatic;
				CURRENT_PROJECT_VERSION = 1;
				DEVELOPMENT_ASSET_PATHS = "\"RouletteAnalysis/Preview Content\"";
				DEVELOPMENT_TEAM = H6UU7923NK;
				ENABLE_PREVIEWS = YES;
				GENERATE_INFOPLIST_FILE = YES;
				INFOPLIST_FILE = RouletteAnalysis/Info.plist;
				INFOPLIST_KEY_UIApplicationSceneManifest_Generation = YES;
				INFOPLIST_KEY_UIApplicationSupportsIndirectInputEvents = YES;
				INFOPLIST_KEY_UILaunchScreen_Generation = YES;
				INFOPLIST_KEY_UISupportedInterfaceOrientations_iPad = "UIInterfaceOrientationPortrait UIInterfaceOrientationPortraitUpsideDown UIInterfaceOrientationLandscapeLeft UIInterfaceOrientationLandscapeRight";
				INFOPLIST_KEY_UISupportedInterfaceOrientations_iPhone = "UIInterfaceOrientationPortrait UIInterfaceOrientationLandscapeLeft UIInterfaceOrientationLandscapeRight";
				INFOPLIST_KEY_UIUserInterfaceStyle = Light;
				LD_RUNPATH_SEARCH_PATHS = (
					"$(inherited)",
					"@executable_path/Frameworks",
				);
				MACOSX_DEPLOYMENT_TARGET = 13.0;
				MARKETING_VERSION = 1.0.1;
				PRODUCT_BUNDLE_IDENTIFIER = "jp.po-miyasaka.RouletteAnalysis";
				PRODUCT_NAME = "$(TARGET_NAME)";
				SUPPORTED_PLATFORMS = "iphoneos iphonesimulator macosx";
				SUPPORTS_MACCATALYST = NO;
				SUPPORTS_MAC_DESIGNED_FOR_IPHONE_IPAD = YES;
				SWIFT_EMIT_LOC_STRINGS = YES;
				SWIFT_VERSION = 5.0;
				TARGETED_DEVICE_FAMILY = "1,2";
			};
			name = Release;
		};
/* End XCBuildConfiguration section */

/* Begin XCConfigurationList section */
		D54225332A2186ED000A71A9 /* Build configuration list for PBXProject "Production" */ = {
			isa = XCConfigurationList;
			buildConfigurations = (
				D54225452A2186EF000A71A9 /* Release */,
			);
			defaultConfigurationIsVisible = 0;
			defaultConfigurationName = Release;
		};
		D54225462A2186EF000A71A9 /* Build configuration list for PBXNativeTarget "RouletteAnalysis" */ = {
			isa = XCConfigurationList;
			buildConfigurations = (
				D54225482A2186EF000A71A9 /* Release */,
			);
			defaultConfigurationIsVisible = 0;
			defaultConfigurationName = Release;
		};
/* End XCConfigurationList section */

/* Begin XCSwiftPackageProductDependency section */
		D52677552A21939E0042E3EB /* RouletteFeature */ = {
			isa = XCSwiftPackageProductDependency;
			productName = RouletteFeature;
		};
/* End XCSwiftPackageProductDependency section */
	};
	rootObject = D54225302A2186ED000A71A9 /* Project object */;
}
